
Microsoft Visual Studio Solution File, Format Version 12.00
# Visual Studio Version 17
VisualStudioVersion = 17.14.36915.13 d17.14
MinimumVisualStudioVersion = 10.0.40219.1
Project("{FAE04EC0-301F-11D3-BF4B-00C04F79EFBC}") = "SmartFarm.Application", "SmartFarm.Application\SmartFarm.Application.csproj", "{1BD50E68-8AAE-442F-BB25-B7F53EFD8206}"
EndProject
Project("{FAE04EC0-301F-11D3-BF4B-00C04F79EFBC}") = "SmartFarm.Domain", "SmartFarm.Domain\SmartFarm.Domain.csproj", "{94572C38-DC5E-44F7-B70D-17BF6C75D456}"
EndProject
Project("{FAE04EC0-301F-11D3-BF4B-00C04F79EFBC}") = "SmartFarm.Infrastructure", "SmartFarm.Infrastructure\SmartFarm.Infrastructure.csproj", "{2DB7BC32-749D-4FE5-B196-1670874CED77}"
EndProject
Project("{FAE04EC0-301F-11D3-BF4B-00C04F79EFBC}") = "SmartFarm.Api", "SmartFarm.Api\SmartFarm.Api.csproj", "{5A7DEF61-6A77-4962-A6BF-D87B84CA8A01}"
EndProject
Project("{FAE04EC0-301F-11D3-BF4B-00C04F79EFBC}") = "SmartFarm.Domain.Tests", "tests\SmartFarm.Domain.Tests\SmartFarm.Domain.Tests.csproj", "{A1A11111-1111-4111-8111-111111111111}"
EndProject
Project("{FAE04EC0-301F-11D3-BF4B-00C04F79EFBC}") = "SmartFarm.Infrastructure.Tests", "tests\SmartFarm.Infrastructure.Tests\SmartFarm.Infrastructure.Tests.csproj", "{B2B22222-2222-4222-8222-222222222222}"
EndProject
Project("{FAE04EC0-301F-11D3-BF4B-00C04F79EFBC}") = "SmartFarm.Architecture.Tests", "tests\SmartFarm.Architecture.Tests\SmartFarm.Architecture.Tests.csproj", "{C3C33333-3333-4333-8333-333333333333}"
EndProject
Project("{FAE04EC0-301F-11D3-BF4B-00C04F79EFBC}") = "SmartFarm.Api.Tests", "tests\SmartFarm.Api.Tests\SmartFarm.Api.Tests.csproj", "{E5E55555-5555-4555-8555-555555555555}"
EndProject
Project("{2150E333-8FDC-42A3-9474-1A3956D46DE8}") = "src", "src", "{02EA681E-C7D8-13C7-8484-4AC65E1B71E8}"
EndProject
Project("{2150E333-8FDC-42A3-9474-1A3956D46DE8}") = "tests", "tests", "{D4D44444-4444-4444-8444-444444444444}"
EndProject
Global
	GlobalSection(SolutionConfigurationPlatforms) = preSolution
		Debug|Any CPU = Debug|Any CPU
		Release|Any CPU = Release|Any CPU
	EndGlobalSection
	GlobalSection(ProjectConfigurationPlatforms) = postSolution
		{1BD50E68-8AAE-442F-BB25-B7F53EFD8206}.Debug|Any CPU.ActiveCfg = Debug|Any CPU
		{1BD50E68-8AAE-442F-BB25-B7F53EFD8206}.Debug|Any CPU.Build.0 = Debug|Any CPU
		{1BD50E68-8AAE-442F-BB25-B7F53EFD8206}.Release|Any CPU.ActiveCfg = Release|Any CPU
		{1BD50E68-8AAE-442F-BB25-B7F53EFD8206}.Release|Any CPU.Build.0 = Release|Any CPU
		{94572C38-DC5E-44F7-B70D-17BF6C75D456}.Debug|Any CPU.ActiveCfg = Debug|Any CPU
		{94572C38-DC5E-44F7-B70D-17BF6C75D456}.Debug|Any CPU.Build.0 = Debug|Any CPU
		{94572C38-DC5E-44F7-B70D-17BF6C75D456}.Release|Any CPU.ActiveCfg = Release|Any CPU
		{94572C38-DC5E-44F7-B70D-17BF6C75D456}.Release|Any CPU.Build.0 = Release|Any CPU
		{2DB7BC32-749D-4FE5-B196-1670874CED77}.Debug|Any CPU.ActiveCfg = Debug|Any CPU
		{2DB7BC32-749D-4FE5-B196-1670874CED77}.Debug|Any CPU.Build.0 = Debug|Any CPU
		{2DB7BC32-749D-4FE5-B196-1670874CED77}.Release|Any CPU.ActiveCfg = Release|Any CPU
		{2DB7BC32-749D-4FE5-B196-1670874CED77}.Release|Any CPU.Build.0 = Release|Any CPU
		{5A7DEF61-6A77-4962-A6BF-D87B84CA8A01}.Debug|Any CPU.ActiveCfg = Debug|Any CPU
		{5A7DEF61-6A77-4962-A6BF-D87B84CA8A01}.Debug|Any CPU.Build.0 = Debug|Any CPU
		{5A7DEF61-6A77-4962-A6BF-D87B84CA8A01}.Release|Any CPU.ActiveCfg = Release|Any CPU
		{5A7DEF61-6A77-4962-A6BF-D87B84CA8A01}.Release|Any CPU.Build.0 = Release|Any CPU
		{A1A11111-1111-4111-8111-111111111111}.Debug|Any CPU.ActiveCfg = Debug|Any CPU
		{A1A11111-1111-4111-8111-111111111111}.Debug|Any CPU.Build.0 = Debug|Any CPU
		{A1A11111-1111-4111-8111-111111111111}.Release|Any CPU.ActiveCfg = Release|Any CPU
		{A1A11111-1111-4111-8111-111111111111}.Release|Any CPU.Build.0 = Release|Any CPU
		{B2B22222-2222-4222-8222-222222222222}.Debug|Any CPU.ActiveCfg = Debug|Any CPU
		{B2B22222-2222-4222-8222-222222222222}.Debug|Any CPU.Build.0 = Debug|Any CPU
		{B2B22222-2222-4222-8222-222222222222}.Release|Any CPU.ActiveCfg = Release|Any CPU
		{B2B22222-2222-4222-8222-222222222222}.Release|Any CPU.Build.0 = Release|Any CPU
		{C3C33333-3333-4333-8333-333333333333}.Debug|Any CPU.ActiveCfg = Debug|Any CPU
		{C3C33333-3333-4333-8333-333333333333}.Debug|Any CPU.Build.0 = Debug|Any CPU
		{C3C33333-3333-4333-8333-333333333333}.Release|Any CPU.ActiveCfg = Release|Any CPU
		{C3C33333-3333-4333-8333-333333333333}.Release|Any CPU.Build.0 = Release|Any CPU
		{E5E55555-5555-4555-8555-555555555555}.Debug|Any CPU.ActiveCfg = Debug|Any CPU
		{E5E55555-5555-4555-8555-555555555555}.Debug|Any CPU.Build.0 = Debug|Any CPU
		{E5E55555-5555-4555-8555-555555555555}.Release|Any CPU.ActiveCfg = Release|Any CPU
		{E5E55555-5555-4555-8555-555555555555}.Release|Any CPU.Build.0 = Release|Any CPU
	EndGlobalSection
	GlobalSection(SolutionProperties) = preSolution
		HideSolutionNode = FALSE
	EndGlobalSection
	GlobalSection(NestedProjects) = preSolution
		{1BD50E68-8AAE-442F-BB25-B7F53EFD8206} = {02EA681E-C7D8-13C7-8484-4AC65E1B71E8}
		{94572C38-DC5E-44F7-B70D-17BF6C75D456} = {02EA681E-C7D8-13C7-8484-4AC65E1B71E8}
		{2DB7BC32-749D-4FE5-B196-1670874CED77} = {02EA681E-C7D8-13C7-8484-4AC65E1B71E8}
		{5A7DEF61-6A77-4962-A6BF-D87B84CA8A01} = {02EA681E-C7D8-13C7-8484-4AC65E1B71E8}
		{A1A11111-1111-4111-8111-111111111111} = {D4D44444-4444-4444-8444-444444444444}
		{B2B22222-2222-4222-8222-222222222222} = {D4D44444-4444-4444-8444-444444444444}
		{C3C33333-3333-4333-8333-333333333333} = {D4D44444-4444-4444-8444-444444444444}
		{E5E55555-5555-4555-8555-555555555555} = {D4D44444-4444-4444-8444-444444444444}
	EndGlobalSection
	GlobalSection(ExtensibilityGlobals) = postSolution
		SolutionGuid = {FD728D33-9409-4C34-9DBD-2AC3EF8CC331}
	EndGlobalSection
EndGlobal
